
Microsoft Visual Studio Solution File, Format Version 12.00
# Visual Studio Version 16
VisualStudioVersion = 16.0.30413.136
MinimumVisualStudioVersion = 10.0.40219.1
Project("{FAE04EC0-301F-11D3-BF4B-00C04F79EFBC}") = "Lab2_2", "Lab2_2\Lab2_2.csproj", "{4ECDB649-3144-4900-AD09-749ABC78665C}"
EndProject
Global
	GlobalSection(SolutionConfigurationPlatforms) = preSolution
		Debug|Any CPU = Debug|Any CPU
		Release|Any CPU = Release|Any CPU
	EndGlobalSection
	GlobalSection(ProjectConfigurationPlatforms) = postSolution
		{4ECDB649-3144-4900-AD09-749ABC78665C}.Debug|Any CPU.ActiveCfg = Debug|Any CPU
		{4ECDB649-3144-4900-AD09-749ABC78665C}.Debug|Any CPU.Build.0 = Debug|Any CPU
		{4ECDB649-3144-4900-AD09-749ABC78665C}.Release|Any CPU.ActiveCfg = Release|Any CPU
		{4ECDB649-3144-4900-AD09-749ABC78665C}.Release|Any CPU.Build.0 = Release|Any CPU
	EndGlobalSection
	GlobalSection(SolutionProperties) = preSolution
		HideSolutionNode = FALSE
	EndGlobalSection
	GlobalSection(ExtensibilityGlobals) = postSolution
		SolutionGuid = {89E101DA-F229-4345-87C5-7EDE6339789E}
	EndGlobalSection
EndGlobal
